# THIS IS AN AUTOGENERATED FILE. DO NOT EDIT THIS FILE DIRECTLY.
# yarn lockfile v1


axe-core@^3.2.2:
  version "3.2.2"
  resolved "https://registry.yarnpkg.com/axe-core/-/axe-core-3.2.2.tgz#b06d6e9ae4636d706068843272bfaeed3fe97362"
  integrity sha512-gAy4kMSPpuRJV3mwictJqlg5LhE84Vw2CydKdC4tvrLhR6+G3KW51zbL/vYujcLA2jvWOq3HMHrVeNuw+mrLVA==
